
Microsoft Visual Studio Solution File, Format Version 12.00
# Visual Studio Version 17
VisualStudioVersion = 17.4.33110.190
MinimumVisualStudioVersion = 10.0.40219.1
Project("{FAE04EC0-301F-11D3-BF4B-00C04F79EFBC}") = "Entidades", "Entidades\Entidades.csproj", "{875CEEFF-B872-4711-B4B0-187D09CBA265}"
EndProject
Project("{FAE04EC0-301F-11D3-BF4B-00C04F79EFBC}") = "Core", "Core\Core.csproj", "{C68DD851-8752-412D-A9D4-72F358F08532}"
EndProject
Project("{FAE04EC0-301F-11D3-BF4B-00C04F79EFBC}") = "API", "API\API.csproj", "{C48C3EC7-E3C2-4C69-8A64-90A47DF29894}"
EndProject
Global
	GlobalSection(SolutionConfigurationPlatforms) = preSolution
		Debug|Any CPU = Debug|Any CPU
		Release|Any CPU = Release|Any CPU
	EndGlobalSection
	GlobalSection(ProjectConfigurationPlatforms) = postSolution
		{875CEEFF-B872-4711-B4B0-187D09CBA265}.Debug|Any CPU.ActiveCfg = Debug|Any CPU
		{875CEEFF-B872-4711-B4B0-187D09CBA265}.Debug|Any CPU.Build.0 = Debug|Any CPU
		{875CEEFF-B872-4711-B4B0-187D09CBA265}.Release|Any CPU.ActiveCfg = Release|Any CPU
		{875CEEFF-B872-4711-B4B0-187D09CBA265}.Release|Any CPU.Build.0 = Release|Any CPU
		{C68DD851-8752-412D-A9D4-72F358F08532}.Debug|Any CPU.ActiveCfg = Debug|Any CPU
		{C68DD851-8752-412D-A9D4-72F358F08532}.Debug|Any CPU.Build.0 = Debug|Any CPU
		{C68DD851-8752-412D-A9D4-72F358F08532}.Release|Any CPU.ActiveCfg = Release|Any CPU
		{C68DD851-8752-412D-A9D4-72F358F08532}.Release|Any CPU.Build.0 = Release|Any CPU
		{C48C3EC7-E3C2-4C69-8A64-90A47DF29894}.Debug|Any CPU.ActiveCfg = Debug|Any CPU
		{C48C3EC7-E3C2-4C69-8A64-90A47DF29894}.Debug|Any CPU.Build.0 = Debug|Any CPU
		{C48C3EC7-E3C2-4C69-8A64-90A47DF29894}.Release|Any CPU.ActiveCfg = Release|Any CPU
		{C48C3EC7-E3C2-4C69-8A64-90A47DF29894}.Release|Any CPU.Build.0 = Release|Any CPU
	EndGlobalSection
	GlobalSection(SolutionProperties) = preSolution
		HideSolutionNode = FALSE
	EndGlobalSection
	GlobalSection(ExtensibilityGlobals) = postSolution
		SolutionGuid = {BAFC23D1-A475-4835-81BE-76790FFD594A}
	EndGlobalSection
EndGlobal
